<Solution>
  <Folder Name="/src/">
    <Project Path="src/AssetLite.Api/AssetLite.Api.csproj" />
    <Project Path="src/AssetLite.AppHost/AssetLite.AppHost.csproj" />
    <Project Path="src/AssetLite.Application/AssetLite.Application.csproj" />
    <Project Path="src/AssetLite.Domain/AssetLite.Domain.csproj" />
    <Project Path="src/AssetLite.Infrastructure/AssetLite.Infrastructure.csproj" />
    <Project Path="src/AssetLite.ServiceDefaults/AssetLite.ServiceDefaults.csproj" />
  </Folder>
  <Folder Name="/tests/">
    <Project Path="tests/AssetLite.Domain.UnitTests/AssetLite.Domain.UnitTests.csproj" />
    <Project Path="tests/AssetLite.Application.UnitTests/AssetLite.Application.UnitTests.csproj" />
    <Project Path="tests/AssetLite.Api.IntegrationTests/AssetLite.Api.IntegrationTests.csproj" />
  </Folder>
</Solution>
